
Microsoft Visual Studio Solution File, Format Version 12.00
# Visual Studio Version 17
VisualStudioVersion = 17.5.33530.505
MinimumVisualStudioVersion = 10.0.40219.1
Project("{FAE04EC0-301F-11D3-BF4B-00C04F79EFBC}") = "Teste-DTI Notes", "Teste-DTI Notes\Teste-DTI Notes.csproj", "{9D1A8D20-3AC3-4EAF-8886-721D99ECEB76}"
EndProject
Global
	GlobalSection(SolutionConfigurationPlatforms) = preSolution
		Debug|Any CPU = Debug|Any CPU
		Release|Any CPU = Release|Any CPU
	EndGlobalSection
	GlobalSection(ProjectConfigurationPlatforms) = postSolution
		{9D1A8D20-3AC3-4EAF-8886-721D99ECEB76}.Debug|Any CPU.ActiveCfg = Debug|Any CPU
		{9D1A8D20-3AC3-4EAF-8886-721D99ECEB76}.Debug|Any CPU.Build.0 = Debug|Any CPU
		{9D1A8D20-3AC3-4EAF-8886-721D99ECEB76}.Release|Any CPU.ActiveCfg = Release|Any CPU
		{9D1A8D20-3AC3-4EAF-8886-721D99ECEB76}.Release|Any CPU.Build.0 = Release|Any CPU
	EndGlobalSection
	GlobalSection(SolutionProperties) = preSolution
		HideSolutionNode = FALSE
	EndGlobalSection
	GlobalSection(ExtensibilityGlobals) = postSolution
		SolutionGuid = {398C4569-CE42-4A2F-8D48-9DE9A57495EC}
	EndGlobalSection
EndGlobal
